// !$*UTF8*$!
{
	archiveVersion = 1;
	classes = {
	};
	objectVersion = 46;
	objects = {

/* Begin PBXBuildFile section */
		8801E7141E6EF5800045801F /* UploadViewController.swift in Sources */ = {isa = PBXBuildFile; fileRef = 8801E7131E6EF5800045801F /* UploadViewController.swift */; };
		8801E7181E71F6E90045801F /* DiseaseCell.swift in Sources */ = {isa = PBXBuildFile; fileRef = 8801E7171E71F6E90045801F /* DiseaseCell.swift */; };
		8801E71A1E71F7200045801F /* DiseaseName.swift in Sources */ = {isa = PBXBuildFile; fileRef = 8801E7191E71F7200045801F /* DiseaseName.swift */; };
		8828B6991E730BD30070A967 /* MapKit.framework in Frameworks */ = {isa = PBXBuildFile; fileRef = 8828B6981E730BD30070A967 /* MapKit.framework */; };
		8828B69B1E730E5B0070A967 /* MapVC.swift in Sources */ = {isa = PBXBuildFile; fileRef = 8828B69A1E730E5B0070A967 /* MapVC.swift */; };
		8828B69D1E731F260070A967 /* Map.swift in Sources */ = {isa = PBXBuildFile; fileRef = 8828B69C1E731F260070A967 /* Map.swift */; };
		88827EA11E52BF39002817BA /* Swift+Gif.swift in Sources */ = {isa = PBXBuildFile; fileRef = 88827EA01E52BF38002817BA /* Swift+Gif.swift */; };
		88827EA31E52BF4C002817BA /* loading.gif in Resources */ = {isa = PBXBuildFile; fileRef = 88827EA21E52BF4B002817BA /* loading.gif */; };
		888C1C251E76403F00FA2F1F /* Warnings.swift in Sources */ = {isa = PBXBuildFile; fileRef = 888C1C241E76403F00FA2F1F /* Warnings.swift */; };
		888C1C271E76425100FA2F1F /* WarningCell.swift in Sources */ = {isa = PBXBuildFile; fileRef = 888C1C261E76425100FA2F1F /* WarningCell.swift */; };
		88E29F7E1E4FF45C004C9470 /* AppDelegate.swift in Sources */ = {isa = PBXBuildFile; fileRef = 88E29F7D1E4FF45C004C9470 /* AppDelegate.swift */; };
		88E29F801E4FF45C004C9470 /* MainVC.swift in Sources */ = {isa = PBXBuildFile; fileRef = 88E29F7F1E4FF45C004C9470 /* MainVC.swift */; };
		88E29F831E4FF45C004C9470 /* Main.storyboard in Resources */ = {isa = PBXBuildFile; fileRef = 88E29F811E4FF45C004C9470 /* Main.storyboard */; };
		88E29F861E4FF45C004C9470 /* Whats_in_my_water.xcdatamodeld in Sources */ = {isa = PBXBuildFile; fileRef = 88E29F841E4FF45C004C9470 /* Whats_in_my_water.xcdatamodeld */; };
		88E29F881E4FF45C004C9470 /* Assets.xcassets in Resources */ = {isa = PBXBuildFile; fileRef = 88E29F871E4FF45C004C9470 /* Assets.xcassets */; };
		88E29F8B1E4FF45C004C9470 /* LaunchScreen.storyboard in Resources */ = {isa = PBXBuildFile; fileRef = 88E29F891E4FF45C004C9470 /* LaunchScreen.storyboard */; };
		88E29F931E500FB5004C9470 /* DetailsVC.swift in Sources */ = {isa = PBXBuildFile; fileRef = 88E29F921E500FB5004C9470 /* DetailsVC.swift */; };
		88E29F951E501096004C9470 /* GoogleService-Info.plist in Resources */ = {isa = PBXBuildFile; fileRef = 88E29F941E501096004C9470 /* GoogleService-Info.plist */; };
		88E29F981E501186004C9470 /* DataServices.swift in Sources */ = {isa = PBXBuildFile; fileRef = 88E29F971E501186004C9470 /* DataServices.swift */; };
		88E29F9B1E5013B0004C9470 /* Contaminants.swift in Sources */ = {isa = PBXBuildFile; fileRef = 88E29F9A1E5013B0004C9470 /* Contaminants.swift */; };
		88E29FA21E5016C0004C9470 /* ContaminantCell.swift in Sources */ = {isa = PBXBuildFile; fileRef = 88E29FA11E5016C0004C9470 /* ContaminantCell.swift */; };
		88E29FA41E5016D1004C9470 /* SupplierListCell.swift in Sources */ = {isa = PBXBuildFile; fileRef = 88E29FA31E5016D1004C9470 /* SupplierListCell.swift */; };
		88E29FA71E5018D4004C9470 /* SupplierNames.swift in Sources */ = {isa = PBXBuildFile; fileRef = 88E29FA61E5018D4004C9470 /* SupplierNames.swift */; };
		BF7C396C603CD57D309E062E /* Pods_Whats_in_my_water.framework in Frameworks */ = {isa = PBXBuildFile; fileRef = 26955605B707F72273C0F6F5 /* Pods_Whats_in_my_water.framework */; };
/* End PBXBuildFile section */

/* Begin PBXFileReference section */
		26955605B707F72273C0F6F5 /* Pods_Whats_in_my_water.framework */ = {isa = PBXFileReference; explicitFileType = wrapper.framework; includeInIndex = 0; path = Pods_Whats_in_my_water.framework; sourceTree = BUILT_PRODUCTS_DIR; };
		5AD745C0820DB1705D71DAE7 /* Pods-Whats-in-my-water.debug.xcconfig */ = {isa = PBXFileReference; includeInIndex = 1; lastKnownFileType = text.xcconfig; name = "Pods-Whats-in-my-water.debug.xcconfig"; path = "Pods/Target Support Files/Pods-Whats-in-my-water/Pods-Whats-in-my-water.debug.xcconfig"; sourceTree = "<group>"; };
		8801E7131E6EF5800045801F /* UploadViewController.swift */ = {isa = PBXFileReference; fileEncoding = 4; lastKnownFileType = sourcecode.swift; path = UploadViewController.swift; sourceTree = "<group>"; };
		8801E7171E71F6E90045801F /* DiseaseCell.swift */ = {isa = PBXFileReference; fileEncoding = 4; lastKnownFileType = sourcecode.swift; path = DiseaseCell.swift; sourceTree = "<group>"; };
		8801E7191E71F7200045801F /* DiseaseName.swift */ = {isa = PBXFileReference; fileEncoding = 4; lastKnownFileType = sourcecode.swift; path = DiseaseName.swift; sourceTree = "<group>"; };
		8828B6981E730BD30070A967 /* MapKit.framework */ = {isa = PBXFileReference; lastKnownFileType = wrapper.framework; name = MapKit.framework; path = System/Library/Frameworks/MapKit.framework; sourceTree = SDKROOT; };
		8828B69A1E730E5B0070A967 /* MapVC.swift */ = {isa = PBXFileReference; fileEncoding = 4; lastKnownFileType = sourcecode.swift; path = MapVC.swift; sourceTree = "<group>"; };
		8828B69C1E731F260070A967 /* Map.swift */ = {isa = PBXFileReference; fileEncoding = 4; lastKnownFileType = sourcecode.swift; path = Map.swift; sourceTree = "<group>"; };
		88827EA01E52BF38002817BA /* Swift+Gif.swift */ = {isa = PBXFileReference; fileEncoding = 4; lastKnownFileType = sourcecode.swift; path = "Swift+Gif.swift"; sourceTree = "<group>"; };
		88827EA21E52BF4B002817BA /* loading.gif */ = {isa = PBXFileReference; lastKnownFileType = image.gif; path = loading.gif; sourceTree = "<group>"; };
		888C1C241E76403F00FA2F1F /* Warnings.swift */ = {isa = PBXFileReference; fileEncoding = 4; lastKnownFileType = sourcecode.swift; path = Warnings.swift; sourceTree = "<group>"; };
		888C1C261E76425100FA2F1F /* WarningCell.swift */ = {isa = PBXFileReference; fileEncoding = 4; lastKnownFileType = sourcecode.swift; path = WarningCell.swift; sourceTree = "<group>"; };
		88E29F7A1E4FF45C004C9470 /* Whats-in-my-water.app */ = {isa = PBXFileReference; explicitFileType = wrapper.application; includeInIndex = 0; path = "Whats-in-my-water.app"; sourceTree = BUILT_PRODUCTS_DIR; };
		88E29F7D1E4FF45C004C9470 /* AppDelegate.swift */ = {isa = PBXFileReference; lastKnownFileType = sourcecode.swift; path = AppDelegate.swift; sourceTree = "<group>"; };
		88E29F7F1E4FF45C004C9470 /* MainVC.swift */ = {isa = PBXFileReference; lastKnownFileType = sourcecode.swift; path = MainVC.swift; sourceTree = "<group>"; };
		88E29F821E4FF45C004C9470 /* Base */ = {isa = PBXFileReference; lastKnownFileType = file.storyboard; name = Base; path = Base.lproj/Main.storyboard; sourceTree = "<group>"; };
		88E29F851E4FF45C004C9470 /* Whats_in_my_water.xcdatamodel */ = {isa = PBXFileReference; lastKnownFileType = wrapper.xcdatamodel; path = Whats_in_my_water.xcdatamodel; sourceTree = "<group>"; };
		88E29F871E4FF45C004C9470 /* Assets.xcassets */ = {isa = PBXFileReference; lastKnownFileType = folder.assetcatalog; path = Assets.xcassets; sourceTree = "<group>"; };
		88E29F8A1E4FF45C004C9470 /* Base */ = {isa = PBXFileReference; lastKnownFileType = file.storyboard; name = Base; path = Base.lproj/LaunchScreen.storyboard; sourceTree = "<group>"; };
		88E29F8C1E4FF45C004C9470 /* Info.plist */ = {isa = PBXFileReference; lastKnownFileType = text.plist.xml; path = Info.plist; sourceTree = "<group>"; };
		88E29F921E500FB5004C9470 /* DetailsVC.swift */ = {isa = PBXFileReference; fileEncoding = 4; lastKnownFileType = sourcecode.swift; path = DetailsVC.swift; sourceTree = "<group>"; };
		88E29F941E501096004C9470 /* GoogleService-Info.plist */ = {isa = PBXFileReference; fileEncoding = 4; lastKnownFileType = text.plist.xml; path = "GoogleService-Info.plist"; sourceTree = "<group>"; };
		88E29F971E501186004C9470 /* DataServices.swift */ = {isa = PBXFileReference; fileEncoding = 4; lastKnownFileType = sourcecode.swift; path = DataServices.swift; sourceTree = "<group>"; };
		88E29F9A1E5013B0004C9470 /* Contaminants.swift */ = {isa = PBXFileReference; fileEncoding = 4; lastKnownFileType = sourcecode.swift; path = Contaminants.swift; sourceTree = "<group>"; };
		88E29FA11E5016C0004C9470 /* ContaminantCell.swift */ = {isa = PBXFileReference; fileEncoding = 4; lastKnownFileType = sourcecode.swift; path = ContaminantCell.swift; sourceTree = "<group>"; };
		88E29FA31E5016D1004C9470 /* SupplierListCell.swift */ = {isa = PBXFileReference; fileEncoding = 4; lastKnownFileType = sourcecode.swift; path = SupplierListCell.swift; sourceTree = "<group>"; };
		88E29FA61E5018D4004C9470 /* SupplierNames.swift */ = {isa = PBXFileReference; fileEncoding = 4; lastKnownFileType = sourcecode.swift; path = SupplierNames.swift; sourceTree = "<group>"; };
		ECCBE5E83B590C9D759AB286 /* Pods-Whats-in-my-water.release.xcconfig */ = {isa = PBXFileReference; includeInIndex = 1; lastKnownFileType = text.xcconfig; name = "Pods-Whats-in-my-water.release.xcconfig"; path = "Pods/Target Support Files/Pods-Whats-in-my-water/Pods-Whats-in-my-water.release.xcconfig"; sourceTree = "<group>"; };
/* End PBXFileReference section */

/* Begin PBXFrameworksBuildPhase section */
		88E29F771E4FF457004C9470 /* Frameworks */ = {
			isa = PBXFrameworksBuildPhase;
			buildActionMask = 2147483647;
			files = (
				8828B6991E730BD30070A967 /* MapKit.framework in Frameworks */,
				BF7C396C603CD57D309E062E /* Pods_Whats_in_my_water.framework in Frameworks */,
			);
			runOnlyForDeploymentPostprocessing = 0;
		};
/* End PBXFrameworksBuildPhase section */

/* Begin PBXGroup section */
		28D23D7AEEB89D1036CCD264 /* Pods */ = {
			isa = PBXGroup;
			children = (
				5AD745C0820DB1705D71DAE7 /* Pods-Whats-in-my-water.debug.xcconfig */,
				ECCBE5E83B590C9D759AB286 /* Pods-Whats-in-my-water.release.xcconfig */,
			);
			name = Pods;
			sourceTree = "<group>";
		};
		88827E9C1E5112C4002817BA /* Internal Data */ = {
			isa = PBXGroup;
			children = (
			);
			name = "Internal Data";
			sourceTree = "<group>";
		};
		88827E9F1E52BED3002817BA /* LoadingScreen */ = {
			isa = PBXGroup;
			children = (
				88827EA21E52BF4B002817BA /* loading.gif */,
				88827EA01E52BF38002817BA /* Swift+Gif.swift */,
			);
			name = LoadingScreen;
			sourceTree = "<group>";
		};
		88E29F711E4FF457004C9470 = {
			isa = PBXGroup;
			children = (
				88E29F7C1E4FF45C004C9470 /* Whats-in-my-water */,
				88E29F7B1E4FF45C004C9470 /* Products */,
				28D23D7AEEB89D1036CCD264 /* Pods */,
				ACE30F49F6828AB0058AFA4B /* Frameworks */,
			);
			sourceTree = "<group>";
		};
		88E29F7B1E4FF45C004C9470 /* Products */ = {
			isa = PBXGroup;
			children = (
				88E29F7A1E4FF45C004C9470 /* Whats-in-my-water.app */,
			);
			name = Products;
			sourceTree = "<group>";
		};
		88E29F7C1E4FF45C004C9470 /* Whats-in-my-water */ = {
			isa = PBXGroup;
			children = (
				88827E9F1E52BED3002817BA /* LoadingScreen */,
				88827E9C1E5112C4002817BA /* Internal Data */,
				88E29F991E5012F0004C9470 /* Model */,
				88E29F9C1E501620004C9470 /* View */,
				88E29FA51E50172A004C9470 /* Controller */,
				88E29F961E50116D004C9470 /* Services */,
				88E29F7D1E4FF45C004C9470 /* AppDelegate.swift */,
				88E29F811E4FF45C004C9470 /* Main.storyboard */,
				88E29F871E4FF45C004C9470 /* Assets.xcassets */,
				88E29F891E4FF45C004C9470 /* LaunchScreen.storyboard */,
				88E29F941E501096004C9470 /* GoogleService-Info.plist */,
				88E29F8C1E4FF45C004C9470 /* Info.plist */,
				88E29F841E4FF45C004C9470 /* Whats_in_my_water.xcdatamodeld */,
			);
			path = "Whats-in-my-water";
			sourceTree = "<group>";
		};
		88E29F961E50116D004C9470 /* Services */ = {
			isa = PBXGroup;
			children = (
				88E29F971E501186004C9470 /* DataServices.swift */,
			);
			name = Services;
			sourceTree = "<group>";
		};
		88E29F991E5012F0004C9470 /* Model */ = {
			isa = PBXGroup;
			children = (
				88E29F9A1E5013B0004C9470 /* Contaminants.swift */,
				88E29FA61E5018D4004C9470 /* SupplierNames.swift */,
				8801E7191E71F7200045801F /* DiseaseName.swift */,
				8828B69C1E731F260070A967 /* Map.swift */,
				888C1C241E76403F00FA2F1F /* Warnings.swift */,
			);
			name = Model;
			sourceTree = "<group>";
		};
		88E29F9C1E501620004C9470 /* View */ = {
			isa = PBXGroup;
			children = (
				88E29FA11E5016C0004C9470 /* ContaminantCell.swift */,
				88E29FA31E5016D1004C9470 /* SupplierListCell.swift */,
				8801E7171E71F6E90045801F /* DiseaseCell.swift */,
				888C1C261E76425100FA2F1F /* WarningCell.swift */,
			);
			name = View;
			sourceTree = "<group>";
		};
		88E29FA51E50172A004C9470 /* Controller */ = {
			isa = PBXGroup;
			children = (
				88E29F921E500FB5004C9470 /* DetailsVC.swift */,
				88E29F7F1E4FF45C004C9470 /* MainVC.swift */,
				8801E7131E6EF5800045801F /* UploadViewController.swift */,
				8828B69A1E730E5B0070A967 /* MapVC.swift */,
			);
			name = Controller;
			sourceTree = "<group>";
		};
		ACE30F49F6828AB0058AFA4B /* Frameworks */ = {
			isa = PBXGroup;
			children = (
				8828B6981E730BD30070A967 /* MapKit.framework */,
				26955605B707F72273C0F6F5 /* Pods_Whats_in_my_water.framework */,
			);
			name = Frameworks;
			sourceTree = "<group>";
		};
/* End PBXGroup section */

/* Begin PBXNativeTarget section */
		88E29F791E4FF457004C9470 /* Whats-in-my-water */ = {
			isa = PBXNativeTarget;
			buildConfigurationList = 88E29F8F1E4FF45C004C9470 /* Build configuration list for PBXNativeTarget "Whats-in-my-water" */;
			buildPhases = (
				44D6F4679E8785851999219D /* [CP] Check Pods Manifest.lock */,
				88E29F761E4FF457004C9470 /* Sources */,
				88E29F771E4FF457004C9470 /* Frameworks */,
				88E29F781E4FF457004C9470 /* Resources */,
				0B7B8D14AA01E115B9D2ECD8 /* [CP] Embed Pods Frameworks */,
				1A9D3EAF7C330A375B14F51B /* [CP] Copy Pods Resources */,
			);
			buildRules = (
			);
			dependencies = (
			);
			name = "Whats-in-my-water";
			productName = "Whats-in-my-water";
			productReference = 88E29F7A1E4FF45C004C9470 /* Whats-in-my-water.app */;
			productType = "com.apple.product-type.application";
		};
/* End PBXNativeTarget section */

/* Begin PBXProject section */
		88E29F721E4FF457004C9470 /* Project object */ = {
			isa = PBXProject;
			attributes = {
				LastSwiftUpdateCheck = 0820;
				LastUpgradeCheck = 0820;
				ORGANIZATIONNAME = Mcraf;
				TargetAttributes = {
					88E29F791E4FF457004C9470 = {
						CreatedOnToolsVersion = 8.2.1;
						DevelopmentTeam = Y666D25B5Q;
						ProvisioningStyle = Automatic;
						SystemCapabilities = {
							com.apple.Maps.iOS = {
								enabled = 1;
							};
						};
					};
				};
			};
			buildConfigurationList = 88E29F751E4FF457004C9470 /* Build configuration list for PBXProject "Whats-in-my-water" */;
			compatibilityVersion = "Xcode 3.2";
			developmentRegion = English;
			hasScannedForEncodings = 0;
			knownRegions = (
				en,
				Base,
			);
			mainGroup = 88E29F711E4FF457004C9470;
			productRefGroup = 88E29F7B1E4FF45C004C9470 /* Products */;
			projectDirPath = "";
			projectRoot = "";
			targets = (
				88E29F791E4FF457004C9470 /* Whats-in-my-water */,
			);
		};
/* End PBXProject section */

/* Begin PBXResourcesBuildPhase section */
		88E29F781E4FF457004C9470 /* Resources */ = {
			isa = PBXResourcesBuildPhase;
			buildActionMask = 2147483647;
			files = (
				88827EA31E52BF4C002817BA /* loading.gif in Resources */,
				88E29F8B1E4FF45C004C9470 /* LaunchScreen.storyboard in Resources */,
				88E29F951E501096004C9470 /* GoogleService-Info.plist in Resources */,
				88E29F881E4FF45C004C9470 /* Assets.xcassets in Resources */,
				88E29F831E4FF45C004C9470 /* Main.storyboard in Resources */,
			);
			runOnlyForDeploymentPostprocessing = 0;
		};
/* End PBXResourcesBuildPhase section */

/* Begin PBXShellScriptBuildPhase section */
		0B7B8D14AA01E115B9D2ECD8 /* [CP] Embed Pods Frameworks */ = {
			isa = PBXShellScriptBuildPhase;
			buildActionMask = 2147483647;
			files = (
			);
			inputPaths = (
			);
			name = "[CP] Embed Pods Frameworks";
			outputPaths = (
			);
			runOnlyForDeploymentPostprocessing = 0;
			shellPath = /bin/sh;
			shellScript = "\"${SRCROOT}/Pods/Target Support Files/Pods-Whats-in-my-water/Pods-Whats-in-my-water-frameworks.sh\"\n";
			showEnvVarsInLog = 0;
		};
		1A9D3EAF7C330A375B14F51B /* [CP] Copy Pods Resources */ = {
			isa = PBXShellScriptBuildPhase;
			buildActionMask = 2147483647;
			files = (
			);
			inputPaths = (
			);
			name = "[CP] Copy Pods Resources";
			outputPaths = (
			);
			runOnlyForDeploymentPostprocessing = 0;
			shellPath = /bin/sh;
			shellScript = "\"${SRCROOT}/Pods/Target Support Files/Pods-Whats-in-my-water/Pods-Whats-in-my-water-resources.sh\"\n";
			showEnvVarsInLog = 0;
		};
		44D6F4679E8785851999219D /* [CP] Check Pods Manifest.lock */ = {
			isa = PBXShellScriptBuildPhase;
			buildActionMask = 2147483647;
			files = (
			);
			inputPaths = (
			);
			name = "[CP] Check Pods Manifest.lock";
			outputPaths = (
			);
			runOnlyForDeploymentPostprocessing = 0;
			shellPath = /bin/sh;
			shellScript = "diff \"${PODS_ROOT}/../Podfile.lock\" \"${PODS_ROOT}/Manifest.lock\" > /dev/null\nif [ $? != 0 ] ; then\n    # print error to STDERR\n    echo \"error: The sandbox is not in sync with the Podfile.lock. Run 'pod install' or update your CocoaPods installation.\" >&2\n    exit 1\nfi\n";
			showEnvVarsInLog = 0;
		};
/* End PBXShellScriptBuildPhase section */

/* Begin PBXSourcesBuildPhase section */
		88E29F761E4FF457004C9470 /* Sources */ = {
			isa = PBXSourcesBuildPhase;
			buildActionMask = 2147483647;
			files = (
				888C1C271E76425100FA2F1F /* WarningCell.swift in Sources */,
				88E29F9B1E5013B0004C9470 /* Contaminants.swift in Sources */,
				8801E7141E6EF5800045801F /* UploadViewController.swift in Sources */,
				888C1C251E76403F00FA2F1F /* Warnings.swift in Sources */,
				88E29FA41E5016D1004C9470 /* SupplierListCell.swift in Sources */,
				88E29FA71E5018D4004C9470 /* SupplierNames.swift in Sources */,
				88E29F981E501186004C9470 /* DataServices.swift in Sources */,
				88827EA11E52BF39002817BA /* Swift+Gif.swift in Sources */,
				8801E7181E71F6E90045801F /* DiseaseCell.swift in Sources */,
				8801E71A1E71F7200045801F /* DiseaseName.swift in Sources */,
				88E29F801E4FF45C004C9470 /* MainVC.swift in Sources */,
				88E29F931E500FB5004C9470 /* DetailsVC.swift in Sources */,
				8828B69D1E731F260070A967 /* Map.swift in Sources */,
				88E29FA21E5016C0004C9470 /* ContaminantCell.swift in Sources */,
				8828B69B1E730E5B0070A967 /* MapVC.swift in Sources */,
				88E29F861E4FF45C004C9470 /* Whats_in_my_water.xcdatamodeld in Sources */,
				88E29F7E1E4FF45C004C9470 /* AppDelegate.swift in Sources */,
			);
			runOnlyForDeploymentPostprocessing = 0;
		};
/* End PBXSourcesBuildPhase section */

/* Begin PBXVariantGroup section */
		88E29F811E4FF45C004C9470 /* Main.storyboard */ = {
			isa = PBXVariantGroup;
			children = (
				88E29F821E4FF45C004C9470 /* Base */,
			);
			name = Main.storyboard;
			sourceTree = "<group>";
		};
		88E29F891E4FF45C004C9470 /* LaunchScreen.storyboard */ = {
			isa = PBXVariantGroup;
			children = (
				88E29F8A1E4FF45C004C9470 /* Base */,
			);
			name = LaunchScreen.storyboard;
			sourceTree = "<group>";
		};
/* End PBXVariantGroup section */

/* Begin XCBuildConfiguration section */
		88E29F8D1E4FF45C004C9470 /* Debug */ = {
			isa = XCBuildConfiguration;
			buildSettings = {
				ALWAYS_SEARCH_USER_PATHS = NO;
				CLANG_ANALYZER_NONNULL = YES;
				CLANG_CXX_LANGUAGE_STANDARD = "gnu++0x";
				CLANG_CXX_LIBRARY = "libc++";
				CLANG_ENABLE_MODULES = YES;
				CLANG_ENABLE_OBJC_ARC = YES;
				CLANG_WARN_BOOL_CONVERSION = YES;
				CLANG_WARN_CONSTANT_CONVERSION = YES;
				CLANG_WARN_DIRECT_OBJC_ISA_USAGE = YES_ERROR;
				CLANG_WARN_DOCUMENTATION_COMMENTS = YES;
				CLANG_WARN_EMPTY_BODY = YES;
				CLANG_WARN_ENUM_CONVERSION = YES;
				CLANG_WARN_INFINITE_RECURSION = YES;
				CLANG_WARN_INT_CONVERSION = YES;
				CLANG_WARN_OBJC_ROOT_CLASS = YES_ERROR;
				CLANG_WARN_SUSPICIOUS_MOVE = YES;
				CLANG_WARN_UNREACHABLE_CODE = YES;
				CLANG_WARN__DUPLICATE_METHOD_MATCH = YES;
				"CODE_SIGN_IDENTITY[sdk=iphoneos*]" = "iPhone Developer";
				COPY_PHASE_STRIP = NO;
				DEBUG_INFORMATION_FORMAT = dwarf;
				ENABLE_STRICT_OBJC_MSGSEND = YES;
				ENABLE_TESTABILITY = YES;
				GCC_C_LANGUAGE_STANDARD = gnu99;
				GCC_DYNAMIC_NO_PIC = NO;
				GCC_NO_COMMON_BLOCKS = YES;
				GCC_OPTIMIZATION_LEVEL = 0;
				GCC_PREPROCESSOR_DEFINITIONS = (
					"DEBUG=1",
					"$(inherited)",
				);
				GCC_WARN_64_TO_32_BIT_CONVERSION = YES;
				GCC_WARN_ABOUT_RETURN_TYPE = YES_ERROR;
				GCC_WARN_UNDECLARED_SELECTOR = YES;
				GCC_WARN_UNINITIALIZED_AUTOS = YES_AGGRESSIVE;
				GCC_WARN_UNUSED_FUNCTION = YES;
				GCC_WARN_UNUSED_VARIABLE = YES;
				IPHONEOS_DEPLOYMENT_TARGET = 10.2;
				MTL_ENABLE_DEBUG_INFO = YES;
				ONLY_ACTIVE_ARCH = YES;
				SDKROOT = iphoneos;
				SWIFT_ACTIVE_COMPILATION_CONDITIONS = DEBUG;
				SWIFT_OPTIMIZATION_LEVEL = "-Onone";
				TARGETED_DEVICE_FAMILY = "1,2";
			};
			name = Debug;
		};
		88E29F8E1E4FF45C004C9470 /* Release */ = {
			isa = XCBuildConfiguration;
			buildSettings = {
				ALWAYS_SEARCH_USER_PATHS = NO;
				CLANG_ANALYZER_NONNULL = YES;
				CLANG_CXX_LANGUAGE_STANDARD = "gnu++0x";
				CLANG_CXX_LIBRARY = "libc++";
				CLANG_ENABLE_MODULES = YES;
				CLANG_ENABLE_OBJC_ARC = YES;
				CLANG_WARN_BOOL_CONVERSION = YES;
				CLANG_WARN_CONSTANT_CONVERSION = YES;
				CLANG_WARN_DIRECT_OBJC_ISA_USAGE = YES_ERROR;
				CLANG_WARN_DOCUMENTATION_COMMENTS = YES;
				CLANG_WARN_EMPTY_BODY = YES;
				CLANG_WARN_ENUM_CONVERSION = YES;
				CLANG_WARN_INFINITE_RECURSION = YES;
				CLANG_WARN_INT_CONVERSION = YES;
				CLANG_WARN_OBJC_ROOT_CLASS = YES_ERROR;
				CLANG_WARN_SUSPICIOUS_MOVE = YES;
				CLANG_WARN_UNREACHABLE_CODE = YES;
				CLANG_WARN__DUPLICATE_METHOD_MATCH = YES;
				"CODE_SIGN_IDENTITY[sdk=iphoneos*]" = "iPhone Developer";
				COPY_PHASE_STRIP = NO;
				DEBUG_INFORMATION_FORMAT = "dwarf-with-dsym";
				ENABLE_NS_ASSERTIONS = NO;
				ENABLE_STRICT_OBJC_MSGSEND = YES;
				GCC_C_LANGUAGE_STANDARD = gnu99;
				GCC_NO_COMMON_BLOCKS = YES;
				GCC_WARN_64_TO_32_BIT_CONVERSION = YES;
				GCC_WARN_ABOUT_RETURN_TYPE = YES_ERROR;
				GCC_WARN_UNDECLARED_SELECTOR = YES;
				GCC_WARN_UNINITIALIZED_AUTOS = YES_AGGRESSIVE;
				GCC_WARN_UNUSED_FUNCTION = YES;
				GCC_WARN_UNUSED_VARIABLE = YES;
				IPHONEOS_DEPLOYMENT_TARGET = 10.2;
				MTL_ENABLE_DEBUG_INFO = NO;
				SDKROOT = iphoneos;
				SWIFT_OPTIMIZATION_LEVEL = "-Owholemodule";
				TARGETED_DEVICE_FAMILY = "1,2";
				VALIDATE_PRODUCT = YES;
			};
			name = Release;
		};
		88E29F901E4FF45C004C9470 /* Debug */ = {
			isa = XCBuildConfiguration;
			baseConfigurationReference = 5AD745C0820DB1705D71DAE7 /* Pods-Whats-in-my-water.debug.xcconfig */;
			buildSettings = {
				ASSETCATALOG_COMPILER_APPICON_NAME = AppIcon;
				DEVELOPMENT_TEAM = Y666D25B5Q;
				INFOPLIST_FILE = "Whats-in-my-water/Info.plist";
				LD_RUNPATH_SEARCH_PATHS = "$(inherited) @executable_path/Frameworks";
				PRODUCT_BUNDLE_IDENTIFIER = "com.Mcraf.Whats-in-my-water";
				PRODUCT_NAME = "$(TARGET_NAME)";
				SWIFT_VERSION = 3.0;
			};
			name = Debug;
		};
		88E29F911E4FF45C004C9470 /* Release */ = {
			isa = XCBuildConfiguration;
			baseConfigurationReference = ECCBE5E83B590C9D759AB286 /* Pods-Whats-in-my-water.release.xcconfig */;
			buildSettings = {
				ASSETCATALOG_COMPILER_APPICON_NAME = AppIcon;
				DEVELOPMENT_TEAM = Y666D25B5Q;
				INFOPLIST_FILE = "Whats-in-my-water/Info.plist";
				LD_RUNPATH_SEARCH_PATHS = "$(inherited) @executable_path/Frameworks";
				PRODUCT_BUNDLE_IDENTIFIER = "com.Mcraf.Whats-in-my-water";
				PRODUCT_NAME = "$(TARGET_NAME)";
				SWIFT_VERSION = 3.0;
			};
			name = Release;
		};
/* End XCBuildConfiguration section */

/* Begin XCConfigurationList section */
		88E29F751E4FF457004C9470 /* Build configuration list for PBXProject "Whats-in-my-water" */ = {
			isa = XCConfigurationList;
			buildConfigurations = (
				88E29F8D1E4FF45C004C9470 /* Debug */,
				88E29F8E1E4FF45C004C9470 /* Release */,
			);
			defaultConfigurationIsVisible = 0;
			defaultConfigurationName = Release;
		};
		88E29F8F1E4FF45C004C9470 /* Build configuration list for PBXNativeTarget "Whats-in-my-water" */ = {
			isa = XCConfigurationList;
			buildConfigurations = (
				88E29F901E4FF45C004C9470 /* Debug */,
				88E29F911E4FF45C004C9470 /* Release */,
			);
			defaultConfigurationIsVisible = 0;
			defaultConfigurationName = Release;
		};
/* End XCConfigurationList section */

/* Begin XCVersionGroup section */
		88E29F841E4FF45C004C9470 /* Whats_in_my_water.xcdatamodeld */ = {
			isa = XCVersionGroup;
			children = (
				88E29F851E4FF45C004C9470 /* Whats_in_my_water.xcdatamodel */,
			);
			currentVersion = 88E29F851E4FF45C004C9470 /* Whats_in_my_water.xcdatamodel */;
			path = Whats_in_my_water.xcdatamodeld;
			sourceTree = "<group>";
			versionGroupType = wrapper.xcdatamodel;
		};
/* End XCVersionGroup section */
	};
	rootObject = 88E29F721E4FF457004C9470 /* Project object */;
}
